
Microsoft Visual Studio Solution File, Format Version 12.00
# Visual Studio Version 16
VisualStudioVersion = 16.0.31515.178
MinimumVisualStudioVersion = 10.0.40219.1
Project("{9A19103F-16F7-4668-BE54-9A1E7A4F7556}") = "MusicBrands", "MusicBrands\MusicBrands.csproj", "{70CCB38F-8D83-4E15-96EB-04BA7AC16A2D}"
EndProject
Project("{9A19103F-16F7-4668-BE54-9A1E7A4F7556}") = "MusicBands.Core", "MusicBands.Core\MusicBands.Core.csproj", "{BEE6BDFA-DBEE-45A5-A15E-029393E2745F}"
EndProject
Project("{9A19103F-16F7-4668-BE54-9A1E7A4F7556}") = "MusicBands.Services", "MusicBands.Services\MusicBands.Services.csproj", "{7A72CAFC-2B32-4F47-8B3F-03B2E4AF5D18}"
EndProject
Project("{9A19103F-16F7-4668-BE54-9A1E7A4F7556}") = "MusicBands.DAL", "MusicBands.DAL\MusicBands.DAL.csproj", "{A008BFFD-0BA2-4AE2-B31C-E8FECB845DD7}"
EndProject
Global
	GlobalSection(SolutionConfigurationPlatforms) = preSolution
		Debug|Any CPU = Debug|Any CPU
		Release|Any CPU = Release|Any CPU
	EndGlobalSection
	GlobalSection(ProjectConfigurationPlatforms) = postSolution
		{70CCB38F-8D83-4E15-96EB-04BA7AC16A2D}.Debug|Any CPU.ActiveCfg = Debug|Any CPU
		{70CCB38F-8D83-4E15-96EB-04BA7AC16A2D}.Debug|Any CPU.Build.0 = Debug|Any CPU
		{70CCB38F-8D83-4E15-96EB-04BA7AC16A2D}.Release|Any CPU.ActiveCfg = Release|Any CPU
		{70CCB38F-8D83-4E15-96EB-04BA7AC16A2D}.Release|Any CPU.Build.0 = Release|Any CPU
		{BEE6BDFA-DBEE-45A5-A15E-029393E2745F}.Debug|Any CPU.ActiveCfg = Debug|Any CPU
		{BEE6BDFA-DBEE-45A5-A15E-029393E2745F}.Debug|Any CPU.Build.0 = Debug|Any CPU
		{BEE6BDFA-DBEE-45A5-A15E-029393E2745F}.Release|Any CPU.ActiveCfg = Release|Any CPU
		{BEE6BDFA-DBEE-45A5-A15E-029393E2745F}.Release|Any CPU.Build.0 = Release|Any CPU
		{7A72CAFC-2B32-4F47-8B3F-03B2E4AF5D18}.Debug|Any CPU.ActiveCfg = Debug|Any CPU
		{7A72CAFC-2B32-4F47-8B3F-03B2E4AF5D18}.Debug|Any CPU.Build.0 = Debug|Any CPU
		{7A72CAFC-2B32-4F47-8B3F-03B2E4AF5D18}.Release|Any CPU.ActiveCfg = Release|Any CPU
		{7A72CAFC-2B32-4F47-8B3F-03B2E4AF5D18}.Release|Any CPU.Build.0 = Release|Any CPU
		{A008BFFD-0BA2-4AE2-B31C-E8FECB845DD7}.Debug|Any CPU.ActiveCfg = Debug|Any CPU
		{A008BFFD-0BA2-4AE2-B31C-E8FECB845DD7}.Debug|Any CPU.Build.0 = Debug|Any CPU
		{A008BFFD-0BA2-4AE2-B31C-E8FECB845DD7}.Release|Any CPU.ActiveCfg = Release|Any CPU
		{A008BFFD-0BA2-4AE2-B31C-E8FECB845DD7}.Release|Any CPU.Build.0 = Release|Any CPU
	EndGlobalSection
	GlobalSection(SolutionProperties) = preSolution
		HideSolutionNode = FALSE
	EndGlobalSection
	GlobalSection(ExtensibilityGlobals) = postSolution
		SolutionGuid = {9A7F0F82-B6BF-4D58-A659-1EA521C0CDD4}
	EndGlobalSection
EndGlobal
